
Microsoft Visual Studio Solution File, Format Version 12.00
# Visual Studio Version 17
VisualStudioVersion = 17.3.32929.385
MinimumVisualStudioVersion = 10.0.40219.1
Project("{FAE04EC0-301F-11D3-BF4B-00C04F79EFBC}") = "GazStation", "GazStation\GazStation.csproj", "{47292C36-1359-48C6-8295-3516D461A3CE}"
EndProject
Global
	GlobalSection(SolutionConfigurationPlatforms) = preSolution
		Debug|Any CPU = Debug|Any CPU
		Release|Any CPU = Release|Any CPU
	EndGlobalSection
	GlobalSection(ProjectConfigurationPlatforms) = postSolution
		{47292C36-1359-48C6-8295-3516D461A3CE}.Debug|Any CPU.ActiveCfg = Debug|Any CPU
		{47292C36-1359-48C6-8295-3516D461A3CE}.Debug|Any CPU.Build.0 = Debug|Any CPU
		{47292C36-1359-48C6-8295-3516D461A3CE}.Release|Any CPU.ActiveCfg = Release|Any CPU
		{47292C36-1359-48C6-8295-3516D461A3CE}.Release|Any CPU.Build.0 = Release|Any CPU
	EndGlobalSection
	GlobalSection(SolutionProperties) = preSolution
		HideSolutionNode = FALSE
	EndGlobalSection
	GlobalSection(ExtensibilityGlobals) = postSolution
		SolutionGuid = {8E81B2D1-D6B9-4AD1-BAB1-353E9DADB354}
	EndGlobalSection
EndGlobal
